
Microsoft Visual Studio Solution File, Format Version 12.00
# Visual Studio Version 17
VisualStudioVersion = 17.5.33414.496
MinimumVisualStudioVersion = 10.0.40219.1
Project("{FAE04EC0-301F-11D3-BF4B-00C04F79EFBC}") = "FitnesPmSuvorov", "FitnesPmSuvorov\FitnesPmSuvorov.csproj", "{126BC536-DDD6-4CAE-AC0E-EF207D9610F8}"
EndProject
Global
	GlobalSection(SolutionConfigurationPlatforms) = preSolution
		Debug|Any CPU = Debug|Any CPU
		Release|Any CPU = Release|Any CPU
	EndGlobalSection
	GlobalSection(ProjectConfigurationPlatforms) = postSolution
		{126BC536-DDD6-4CAE-AC0E-EF207D9610F8}.Debug|Any CPU.ActiveCfg = Debug|Any CPU
		{126BC536-DDD6-4CAE-AC0E-EF207D9610F8}.Debug|Any CPU.Build.0 = Debug|Any CPU
		{126BC536-DDD6-4CAE-AC0E-EF207D9610F8}.Release|Any CPU.ActiveCfg = Release|Any CPU
		{126BC536-DDD6-4CAE-AC0E-EF207D9610F8}.Release|Any CPU.Build.0 = Release|Any CPU
	EndGlobalSection
	GlobalSection(SolutionProperties) = preSolution
		HideSolutionNode = FALSE
	EndGlobalSection
	GlobalSection(ExtensibilityGlobals) = postSolution
		SolutionGuid = {1D1F202C-71A4-4277-ABC5-008701D799DE}
	EndGlobalSection
EndGlobal
